
Microsoft Visual Studio Solution File, Format Version 12.00
# Visual Studio Version 17
VisualStudioVersion = 17.9.34714.143
MinimumVisualStudioVersion = 10.0.40219.1
Project("{FAE04EC0-301F-11D3-BF4B-00C04F79EFBC}") = "assessment5", "assessment5\assessment5.csproj", "{F075729E-1DA2-4067-B371-042710FB23D9}"
EndProject
Global
	GlobalSection(SolutionConfigurationPlatforms) = preSolution
		Debug|Any CPU = Debug|Any CPU
		Release|Any CPU = Release|Any CPU
	EndGlobalSection
	GlobalSection(ProjectConfigurationPlatforms) = postSolution
		{F075729E-1DA2-4067-B371-042710FB23D9}.Debug|Any CPU.ActiveCfg = Debug|Any CPU
		{F075729E-1DA2-4067-B371-042710FB23D9}.Debug|Any CPU.Build.0 = Debug|Any CPU
		{F075729E-1DA2-4067-B371-042710FB23D9}.Release|Any CPU.ActiveCfg = Release|Any CPU
		{F075729E-1DA2-4067-B371-042710FB23D9}.Release|Any CPU.Build.0 = Release|Any CPU
	EndGlobalSection
	GlobalSection(SolutionProperties) = preSolution
		HideSolutionNode = FALSE
	EndGlobalSection
	GlobalSection(ExtensibilityGlobals) = postSolution
		SolutionGuid = {C618B18A-E91F-4DCC-AA61-7FA09EEF2581}
	EndGlobalSection
EndGlobal
